// !$*UTF8*$!
{
	archiveVersion = 1;
	classes = {
	};
	objectVersion = 50;
	objects = {

/* Begin PBXBuildFile section */
		525791BA227E6A8000107AE6 /* HomeCoordinator.swift in Sources */ = {isa = PBXBuildFile; fileRef = 525791B9227E6A8000107AE6 /* HomeCoordinator.swift */; };
		525791BD227E6AC400107AE6 /* HomeViewModel.swift in Sources */ = {isa = PBXBuildFile; fileRef = 525791BC227E6AC400107AE6 /* HomeViewModel.swift */; };
		525791BF227E87EA00107AE6 /* LoginViewController+UITextFieldDelegate.swift in Sources */ = {isa = PBXBuildFile; fileRef = 525791BE227E87EA00107AE6 /* LoginViewController+UITextFieldDelegate.swift */; };
		52B228F1227BCB53006EC2B5 /* UIColor+Utils.swift in Sources */ = {isa = PBXBuildFile; fileRef = 52B228F0227BCB53006EC2B5 /* UIColor+Utils.swift */; };
		52B4260D2282650300218D18 /* MedicineCollectionViewCell.swift in Sources */ = {isa = PBXBuildFile; fileRef = 52B4260B2282650300218D18 /* MedicineCollectionViewCell.swift */; };
		52B4260E2282650300218D18 /* MedicineCollectionViewCell.xib in Resources */ = {isa = PBXBuildFile; fileRef = 52B4260C2282650300218D18 /* MedicineCollectionViewCell.xib */; };
		52B42610228275D800218D18 /* JeniMedicineViewButton.swift in Sources */ = {isa = PBXBuildFile; fileRef = 52B4260F228275D800218D18 /* JeniMedicineViewButton.swift */; };
		52DB74A0227A3E0E00CCA655 /* AppDelegate.swift in Sources */ = {isa = PBXBuildFile; fileRef = 52DB749F227A3E0E00CCA655 /* AppDelegate.swift */; };
		52DB74A7227A3E0F00CCA655 /* Assets.xcassets in Resources */ = {isa = PBXBuildFile; fileRef = 52DB74A6227A3E0F00CCA655 /* Assets.xcassets */; };
		52DB74AA227A3E0F00CCA655 /* LaunchScreen.storyboard in Resources */ = {isa = PBXBuildFile; fileRef = 52DB74A8227A3E0F00CCA655 /* LaunchScreen.storyboard */; };
		52DB74B6227A408100CCA655 /* LoginViewController.swift in Sources */ = {isa = PBXBuildFile; fileRef = 52DB74B4227A408100CCA655 /* LoginViewController.swift */; };
		52DB74B7227A408100CCA655 /* LoginViewController.xib in Resources */ = {isa = PBXBuildFile; fileRef = 52DB74B5227A408100CCA655 /* LoginViewController.xib */; };
		52DB74BA227A4CAE00CCA655 /* AppCoordinator.swift in Sources */ = {isa = PBXBuildFile; fileRef = 52DB74B9227A4CAE00CCA655 /* AppCoordinator.swift */; };
		52DB74BC227A4CC900CCA655 /* Coordinator.swift in Sources */ = {isa = PBXBuildFile; fileRef = 52DB74BB227A4CC900CCA655 /* Coordinator.swift */; };
		52DB74C0227A6B8F00CCA655 /* JeniButton.swift in Sources */ = {isa = PBXBuildFile; fileRef = 52DB74BF227A6B8F00CCA655 /* JeniButton.swift */; };
		52E0395322909979005BF73F /* TimeReminderTableViewCell.swift in Sources */ = {isa = PBXBuildFile; fileRef = 52E0395122909979005BF73F /* TimeReminderTableViewCell.swift */; };
		52E0395422909979005BF73F /* TimeReminderTableViewCell.xib in Resources */ = {isa = PBXBuildFile; fileRef = 52E0395222909979005BF73F /* TimeReminderTableViewCell.xib */; };
		52E0395722909F12005BF73F /* PillCollectionViewCell.swift in Sources */ = {isa = PBXBuildFile; fileRef = 52E0395522909F12005BF73F /* PillCollectionViewCell.swift */; };
		52E0395822909F12005BF73F /* PillCollectionViewCell.xib in Resources */ = {isa = PBXBuildFile; fileRef = 52E0395622909F12005BF73F /* PillCollectionViewCell.xib */; };
		52E0395B2290B1AF005BF73F /* MedicineModel.swift in Sources */ = {isa = PBXBuildFile; fileRef = 52E0395A2290B1AF005BF73F /* MedicineModel.swift */; };
		52ED0D422283974500D7316A /* ReminderViewController.swift in Sources */ = {isa = PBXBuildFile; fileRef = 52ED0D402283974500D7316A /* ReminderViewController.swift */; };
		52ED0D432283974500D7316A /* ReminderViewController.xib in Resources */ = {isa = PBXBuildFile; fileRef = 52ED0D412283974500D7316A /* ReminderViewController.xib */; };
		52F02F16227DD78500BDEE80 /* LoginViewModel.swift in Sources */ = {isa = PBXBuildFile; fileRef = 52F02F15227DD78500BDEE80 /* LoginViewModel.swift */; };
		52F02F19227DD7B500BDEE80 /* BaseViewController.swift in Sources */ = {isa = PBXBuildFile; fileRef = 52F02F18227DD7B500BDEE80 /* BaseViewController.swift */; };
		52F02F1E227DDDE000BDEE80 /* HomeViewController.swift in Sources */ = {isa = PBXBuildFile; fileRef = 52F02F1C227DDDE000BDEE80 /* HomeViewController.swift */; };
		52F02F1F227DDDE000BDEE80 /* HomeViewController.xib in Resources */ = {isa = PBXBuildFile; fileRef = 52F02F1D227DDDE000BDEE80 /* HomeViewController.xib */; };
		52F02F21227DDE0F00BDEE80 /* LoginCoordinator.swift in Sources */ = {isa = PBXBuildFile; fileRef = 52F02F20227DDE0F00BDEE80 /* LoginCoordinator.swift */; };
		52F02F23227DDF2300BDEE80 /* BaseCoordinator.swift in Sources */ = {isa = PBXBuildFile; fileRef = 52F02F22227DDF2300BDEE80 /* BaseCoordinator.swift */; };
		52F02F25227E070200BDEE80 /* GoogleService-Info.plist in Resources */ = {isa = PBXBuildFile; fileRef = 52F02F24227E070200BDEE80 /* GoogleService-Info.plist */; };
		B30511F06556ABA4A8B1C7D3 /* Pods_Jeni.framework in Frameworks */ = {isa = PBXBuildFile; fileRef = 05F7595FACB2244BEBAD7686 /* Pods_Jeni.framework */; };
/* End PBXBuildFile section */

/* Begin PBXFileReference section */
		05F7595FACB2244BEBAD7686 /* Pods_Jeni.framework */ = {isa = PBXFileReference; explicitFileType = wrapper.framework; includeInIndex = 0; path = Pods_Jeni.framework; sourceTree = BUILT_PRODUCTS_DIR; };
		525791B9227E6A8000107AE6 /* HomeCoordinator.swift */ = {isa = PBXFileReference; lastKnownFileType = sourcecode.swift; path = HomeCoordinator.swift; sourceTree = "<group>"; };
		525791BC227E6AC400107AE6 /* HomeViewModel.swift */ = {isa = PBXFileReference; lastKnownFileType = sourcecode.swift; path = HomeViewModel.swift; sourceTree = "<group>"; };
		525791BE227E87EA00107AE6 /* LoginViewController+UITextFieldDelegate.swift */ = {isa = PBXFileReference; lastKnownFileType = sourcecode.swift; path = "LoginViewController+UITextFieldDelegate.swift"; sourceTree = "<group>"; };
		52B228F0227BCB53006EC2B5 /* UIColor+Utils.swift */ = {isa = PBXFileReference; lastKnownFileType = sourcecode.swift; path = "UIColor+Utils.swift"; sourceTree = "<group>"; };
		52B4260B2282650300218D18 /* MedicineCollectionViewCell.swift */ = {isa = PBXFileReference; lastKnownFileType = sourcecode.swift; path = MedicineCollectionViewCell.swift; sourceTree = "<group>"; };
		52B4260C2282650300218D18 /* MedicineCollectionViewCell.xib */ = {isa = PBXFileReference; lastKnownFileType = file.xib; path = MedicineCollectionViewCell.xib; sourceTree = "<group>"; };
		52B4260F228275D800218D18 /* JeniMedicineViewButton.swift */ = {isa = PBXFileReference; lastKnownFileType = sourcecode.swift; path = JeniMedicineViewButton.swift; sourceTree = "<group>"; };
		52DB749C227A3E0E00CCA655 /* Jeni.app */ = {isa = PBXFileReference; explicitFileType = wrapper.application; includeInIndex = 0; path = Jeni.app; sourceTree = BUILT_PRODUCTS_DIR; };
		52DB749F227A3E0E00CCA655 /* AppDelegate.swift */ = {isa = PBXFileReference; lastKnownFileType = sourcecode.swift; path = AppDelegate.swift; sourceTree = "<group>"; };
		52DB74A6227A3E0F00CCA655 /* Assets.xcassets */ = {isa = PBXFileReference; lastKnownFileType = folder.assetcatalog; path = Assets.xcassets; sourceTree = "<group>"; };
		52DB74A9227A3E0F00CCA655 /* Base */ = {isa = PBXFileReference; lastKnownFileType = file.storyboard; name = Base; path = Base.lproj/LaunchScreen.storyboard; sourceTree = "<group>"; };
		52DB74AB227A3E0F00CCA655 /* Info.plist */ = {isa = PBXFileReference; lastKnownFileType = text.plist.xml; path = Info.plist; sourceTree = "<group>"; };
		52DB74B4227A408100CCA655 /* LoginViewController.swift */ = {isa = PBXFileReference; lastKnownFileType = sourcecode.swift; path = LoginViewController.swift; sourceTree = "<group>"; };
		52DB74B5227A408100CCA655 /* LoginViewController.xib */ = {isa = PBXFileReference; lastKnownFileType = file.xib; path = LoginViewController.xib; sourceTree = "<group>"; };
		52DB74B9227A4CAE00CCA655 /* AppCoordinator.swift */ = {isa = PBXFileReference; lastKnownFileType = sourcecode.swift; path = AppCoordinator.swift; sourceTree = "<group>"; };
		52DB74BB227A4CC900CCA655 /* Coordinator.swift */ = {isa = PBXFileReference; lastKnownFileType = sourcecode.swift; path = Coordinator.swift; sourceTree = "<group>"; };
		52DB74BF227A6B8F00CCA655 /* JeniButton.swift */ = {isa = PBXFileReference; lastKnownFileType = sourcecode.swift; path = JeniButton.swift; sourceTree = "<group>"; };
		52E0395122909979005BF73F /* TimeReminderTableViewCell.swift */ = {isa = PBXFileReference; lastKnownFileType = sourcecode.swift; path = TimeReminderTableViewCell.swift; sourceTree = "<group>"; };
		52E0395222909979005BF73F /* TimeReminderTableViewCell.xib */ = {isa = PBXFileReference; lastKnownFileType = file.xib; path = TimeReminderTableViewCell.xib; sourceTree = "<group>"; };
		52E0395522909F12005BF73F /* PillCollectionViewCell.swift */ = {isa = PBXFileReference; lastKnownFileType = sourcecode.swift; path = PillCollectionViewCell.swift; sourceTree = "<group>"; };
		52E0395622909F12005BF73F /* PillCollectionViewCell.xib */ = {isa = PBXFileReference; lastKnownFileType = file.xib; path = PillCollectionViewCell.xib; sourceTree = "<group>"; };
		52E0395A2290B1AF005BF73F /* MedicineModel.swift */ = {isa = PBXFileReference; lastKnownFileType = sourcecode.swift; path = MedicineModel.swift; sourceTree = "<group>"; };
		52ED0D402283974500D7316A /* ReminderViewController.swift */ = {isa = PBXFileReference; lastKnownFileType = sourcecode.swift; path = ReminderViewController.swift; sourceTree = "<group>"; };
		52ED0D412283974500D7316A /* ReminderViewController.xib */ = {isa = PBXFileReference; lastKnownFileType = file.xib; path = ReminderViewController.xib; sourceTree = "<group>"; };
		52F02F15227DD78500BDEE80 /* LoginViewModel.swift */ = {isa = PBXFileReference; lastKnownFileType = sourcecode.swift; path = LoginViewModel.swift; sourceTree = "<group>"; };
		52F02F18227DD7B500BDEE80 /* BaseViewController.swift */ = {isa = PBXFileReference; lastKnownFileType = sourcecode.swift; path = BaseViewController.swift; sourceTree = "<group>"; };
		52F02F1C227DDDE000BDEE80 /* HomeViewController.swift */ = {isa = PBXFileReference; lastKnownFileType = sourcecode.swift; path = HomeViewController.swift; sourceTree = "<group>"; };
		52F02F1D227DDDE000BDEE80 /* HomeViewController.xib */ = {isa = PBXFileReference; lastKnownFileType = file.xib; path = HomeViewController.xib; sourceTree = "<group>"; };
		52F02F20227DDE0F00BDEE80 /* LoginCoordinator.swift */ = {isa = PBXFileReference; lastKnownFileType = sourcecode.swift; path = LoginCoordinator.swift; sourceTree = "<group>"; };
		52F02F22227DDF2300BDEE80 /* BaseCoordinator.swift */ = {isa = PBXFileReference; lastKnownFileType = sourcecode.swift; path = BaseCoordinator.swift; sourceTree = "<group>"; };
		52F02F24227E070200BDEE80 /* GoogleService-Info.plist */ = {isa = PBXFileReference; fileEncoding = 4; lastKnownFileType = text.plist.xml; name = "GoogleService-Info.plist"; path = "../../../../../Downloads/GoogleService-Info.plist"; sourceTree = "<group>"; };
		76ECD705B06D54BE51790E47 /* Pods-Jeni.debug.xcconfig */ = {isa = PBXFileReference; includeInIndex = 1; lastKnownFileType = text.xcconfig; name = "Pods-Jeni.debug.xcconfig"; path = "Pods/Target Support Files/Pods-Jeni/Pods-Jeni.debug.xcconfig"; sourceTree = "<group>"; };
		B1075ACCD9897A9CDE67D9BA /* Pods-Jeni.release.xcconfig */ = {isa = PBXFileReference; includeInIndex = 1; lastKnownFileType = text.xcconfig; name = "Pods-Jeni.release.xcconfig"; path = "Pods/Target Support Files/Pods-Jeni/Pods-Jeni.release.xcconfig"; sourceTree = "<group>"; };
/* End PBXFileReference section */

/* Begin PBXFrameworksBuildPhase section */
		52DB7499227A3E0E00CCA655 /* Frameworks */ = {
			isa = PBXFrameworksBuildPhase;
			buildActionMask = 2147483647;
			files = (
				B30511F06556ABA4A8B1C7D3 /* Pods_Jeni.framework in Frameworks */,
			);
			runOnlyForDeploymentPostprocessing = 0;
		};
/* End PBXFrameworksBuildPhase section */

/* Begin PBXGroup section */
		525791B8227E6A7600107AE6 /* Coordinator */ = {
			isa = PBXGroup;
			children = (
				525791B9227E6A8000107AE6 /* HomeCoordinator.swift */,
			);
			path = Coordinator;
			sourceTree = "<group>";
		};
		525791BB227E6ABC00107AE6 /* ViewModel */ = {
			isa = PBXGroup;
			children = (
				525791BC227E6AC400107AE6 /* HomeViewModel.swift */,
			);
			path = ViewModel;
			sourceTree = "<group>";
		};
		52B228EF227BCB3A006EC2B5 /* Utils */ = {
			isa = PBXGroup;
			children = (
				52B228F0227BCB53006EC2B5 /* UIColor+Utils.swift */,
			);
			path = Utils;
			sourceTree = "<group>";
		};
		52B4260A228264F300218D18 /* Cell */ = {
			isa = PBXGroup;
			children = (
				52B4260B2282650300218D18 /* MedicineCollectionViewCell.swift */,
				52B4260C2282650300218D18 /* MedicineCollectionViewCell.xib */,
			);
			path = Cell;
			sourceTree = "<group>";
		};
		52DB7493227A3E0E00CCA655 = {
			isa = PBXGroup;
			children = (
				52DB749E227A3E0E00CCA655 /* Jeni */,
				52DB749D227A3E0E00CCA655 /* Products */,
				CDA293EC7635A1F4A96F8EF0 /* Pods */,
				5E68198140F3A5136A73CFE6 /* Frameworks */,
			);
			sourceTree = "<group>";
		};
		52DB749D227A3E0E00CCA655 /* Products */ = {
			isa = PBXGroup;
			children = (
				52DB749C227A3E0E00CCA655 /* Jeni.app */,
			);
			name = Products;
			sourceTree = "<group>";
		};
		52DB749E227A3E0E00CCA655 /* Jeni */ = {
			isa = PBXGroup;
			children = (
				52DB74BD227A6B3B00CCA655 /* Helpers */,
				52DB74B8227A444200CCA655 /* Coordinator */,
				52DB74B1227A404000CCA655 /* App Sections */,
				52DB749F227A3E0E00CCA655 /* AppDelegate.swift */,
				52DB74A6227A3E0F00CCA655 /* Assets.xcassets */,
				52DB74A8227A3E0F00CCA655 /* LaunchScreen.storyboard */,
				52F02F24227E070200BDEE80 /* GoogleService-Info.plist */,
				52DB74AB227A3E0F00CCA655 /* Info.plist */,
			);
			path = Jeni;
			sourceTree = "<group>";
		};
		52DB74B1227A404000CCA655 /* App Sections */ = {
			isa = PBXGroup;
			children = (
				52E039592290B197005BF73F /* Model */,
				52ED0D3E2283971000D7316A /* Reminder */,
				52F02F1A227DDDC200BDEE80 /* Home */,
				52DB74B2227A405700CCA655 /* Login */,
			);
			path = "App Sections";
			sourceTree = "<group>";
		};
		52DB74B2227A405700CCA655 /* Login */ = {
			isa = PBXGroup;
			children = (
				52F02F14227DD6A200BDEE80 /* Coordinator */,
				52F02F13227DD68D00BDEE80 /* ViewModel */,
				52DB74B3227A405E00CCA655 /* ViewController */,
			);
			path = Login;
			sourceTree = "<group>";
		};
		52DB74B3227A405E00CCA655 /* ViewController */ = {
			isa = PBXGroup;
			children = (
				52DB74B4227A408100CCA655 /* LoginViewController.swift */,
				52DB74B5227A408100CCA655 /* LoginViewController.xib */,
				525791BE227E87EA00107AE6 /* LoginViewController+UITextFieldDelegate.swift */,
			);
			path = ViewController;
			sourceTree = "<group>";
		};
		52DB74B8227A444200CCA655 /* Coordinator */ = {
			isa = PBXGroup;
			children = (
				52DB74BB227A4CC900CCA655 /* Coordinator.swift */,
				52DB74B9227A4CAE00CCA655 /* AppCoordinator.swift */,
				52F02F22227DDF2300BDEE80 /* BaseCoordinator.swift */,
			);
			path = Coordinator;
			sourceTree = "<group>";
		};
		52DB74BD227A6B3B00CCA655 /* Helpers */ = {
			isa = PBXGroup;
			children = (
				52F02F17227DD79D00BDEE80 /* Base */,
				52B228EF227BCB3A006EC2B5 /* Utils */,
				52DB74BE227A6B5300CCA655 /* JeniComponents */,
			);
			path = Helpers;
			sourceTree = "<group>";
		};
		52DB74BE227A6B5300CCA655 /* JeniComponents */ = {
			isa = PBXGroup;
			children = (
				52DB74BF227A6B8F00CCA655 /* JeniButton.swift */,
				52B4260F228275D800218D18 /* JeniMedicineViewButton.swift */,
			);
			path = JeniComponents;
			sourceTree = "<group>";
		};
		52E0395022909956005BF73F /* Cells */ = {
			isa = PBXGroup;
			children = (
				52E0395122909979005BF73F /* TimeReminderTableViewCell.swift */,
				52E0395222909979005BF73F /* TimeReminderTableViewCell.xib */,
				52E0395522909F12005BF73F /* PillCollectionViewCell.swift */,
				52E0395622909F12005BF73F /* PillCollectionViewCell.xib */,
			);
			path = Cells;
			sourceTree = "<group>";
		};
		52E039592290B197005BF73F /* Model */ = {
			isa = PBXGroup;
			children = (
				52E0395A2290B1AF005BF73F /* MedicineModel.swift */,
			);
			path = Model;
			sourceTree = "<group>";
		};
		52ED0D3E2283971000D7316A /* Reminder */ = {
			isa = PBXGroup;
			children = (
				52ED0D3F2283971A00D7316A /* ViewController */,
			);
			path = Reminder;
			sourceTree = "<group>";
		};
		52ED0D3F2283971A00D7316A /* ViewController */ = {
			isa = PBXGroup;
			children = (
				52E0395022909956005BF73F /* Cells */,
				52ED0D402283974500D7316A /* ReminderViewController.swift */,
				52ED0D412283974500D7316A /* ReminderViewController.xib */,
			);
			path = ViewController;
			sourceTree = "<group>";
		};
		52F02F13227DD68D00BDEE80 /* ViewModel */ = {
			isa = PBXGroup;
			children = (
				52F02F15227DD78500BDEE80 /* LoginViewModel.swift */,
			);
			path = ViewModel;
			sourceTree = "<group>";
		};
		52F02F14227DD6A200BDEE80 /* Coordinator */ = {
			isa = PBXGroup;
			children = (
				52F02F20227DDE0F00BDEE80 /* LoginCoordinator.swift */,
			);
			path = Coordinator;
			sourceTree = "<group>";
		};
		52F02F17227DD79D00BDEE80 /* Base */ = {
			isa = PBXGroup;
			children = (
				52F02F18227DD7B500BDEE80 /* BaseViewController.swift */,
			);
			path = Base;
			sourceTree = "<group>";
		};
		52F02F1A227DDDC200BDEE80 /* Home */ = {
			isa = PBXGroup;
			children = (
				525791BB227E6ABC00107AE6 /* ViewModel */,
				525791B8227E6A7600107AE6 /* Coordinator */,
				52F02F1B227DDDCD00BDEE80 /* ViewController */,
			);
			path = Home;
			sourceTree = "<group>";
		};
		52F02F1B227DDDCD00BDEE80 /* ViewController */ = {
			isa = PBXGroup;
			children = (
				52B4260A228264F300218D18 /* Cell */,
				52F02F1C227DDDE000BDEE80 /* HomeViewController.swift */,
				52F02F1D227DDDE000BDEE80 /* HomeViewController.xib */,
			);
			path = ViewController;
			sourceTree = "<group>";
		};
		5E68198140F3A5136A73CFE6 /* Frameworks */ = {
			isa = PBXGroup;
			children = (
				05F7595FACB2244BEBAD7686 /* Pods_Jeni.framework */,
			);
			name = Frameworks;
			sourceTree = "<group>";
		};
		CDA293EC7635A1F4A96F8EF0 /* Pods */ = {
			isa = PBXGroup;
			children = (
				76ECD705B06D54BE51790E47 /* Pods-Jeni.debug.xcconfig */,
				B1075ACCD9897A9CDE67D9BA /* Pods-Jeni.release.xcconfig */,
			);
			name = Pods;
			sourceTree = "<group>";
		};
/* End PBXGroup section */

/* Begin PBXNativeTarget section */
		52DB749B227A3E0E00CCA655 /* Jeni */ = {
			isa = PBXNativeTarget;
			buildConfigurationList = 52DB74AE227A3E0F00CCA655 /* Build configuration list for PBXNativeTarget "Jeni" */;
			buildPhases = (
				BA94B87AFED319BFB8C3C980 /* [CP] Check Pods Manifest.lock */,
				52DB7498227A3E0E00CCA655 /* Sources */,
				52DB7499227A3E0E00CCA655 /* Frameworks */,
				52DB749A227A3E0E00CCA655 /* Resources */,
				82E5EA8DA847AFE957D46B62 /* [CP] Embed Pods Frameworks */,
			);
			buildRules = (
			);
			dependencies = (
			);
			name = Jeni;
			productName = Jeni;
			productReference = 52DB749C227A3E0E00CCA655 /* Jeni.app */;
			productType = "com.apple.product-type.application";
		};
/* End PBXNativeTarget section */

/* Begin PBXProject section */
		52DB7494227A3E0E00CCA655 /* Project object */ = {
			isa = PBXProject;
			attributes = {
				LastSwiftUpdateCheck = 1000;
				LastUpgradeCheck = 1000;
				ORGANIZATIONNAME = "Tiago Oliveira";
				TargetAttributes = {
					52DB749B227A3E0E00CCA655 = {
						CreatedOnToolsVersion = 10.0;
					};
				};
			};
			buildConfigurationList = 52DB7497227A3E0E00CCA655 /* Build configuration list for PBXProject "Jeni" */;
			compatibilityVersion = "Xcode 9.3";
			developmentRegion = en;
			hasScannedForEncodings = 0;
			knownRegions = (
				en,
				Base,
			);
			mainGroup = 52DB7493227A3E0E00CCA655;
			productRefGroup = 52DB749D227A3E0E00CCA655 /* Products */;
			projectDirPath = "";
			projectRoot = "";
			targets = (
				52DB749B227A3E0E00CCA655 /* Jeni */,
			);
		};
/* End PBXProject section */

/* Begin PBXResourcesBuildPhase section */
		52DB749A227A3E0E00CCA655 /* Resources */ = {
			isa = PBXResourcesBuildPhase;
			buildActionMask = 2147483647;
			files = (
				52DB74AA227A3E0F00CCA655 /* LaunchScreen.storyboard in Resources */,
				52E0395822909F12005BF73F /* PillCollectionViewCell.xib in Resources */,
				52DB74A7227A3E0F00CCA655 /* Assets.xcassets in Resources */,
				52ED0D432283974500D7316A /* ReminderViewController.xib in Resources */,
				52F02F25227E070200BDEE80 /* GoogleService-Info.plist in Resources */,
				52DB74B7227A408100CCA655 /* LoginViewController.xib in Resources */,
				52F02F1F227DDDE000BDEE80 /* HomeViewController.xib in Resources */,
				52E0395422909979005BF73F /* TimeReminderTableViewCell.xib in Resources */,
				52B4260E2282650300218D18 /* MedicineCollectionViewCell.xib in Resources */,
			);
			runOnlyForDeploymentPostprocessing = 0;
		};
/* End PBXResourcesBuildPhase section */

/* Begin PBXShellScriptBuildPhase section */
		82E5EA8DA847AFE957D46B62 /* [CP] Embed Pods Frameworks */ = {
			isa = PBXShellScriptBuildPhase;
			buildActionMask = 2147483647;
			files = (
			);
			inputPaths = (
				"${SRCROOT}/Pods/Target Support Files/Pods-Jeni/Pods-Jeni-frameworks.sh",
				"${BUILT_PRODUCTS_DIR}/GTMSessionFetcher/GTMSessionFetcher.framework",
				"${BUILT_PRODUCTS_DIR}/GoogleToolboxForMac/GoogleToolboxForMac.framework",
				"${BUILT_PRODUCTS_DIR}/nanopb/nanopb.framework",
			);
			name = "[CP] Embed Pods Frameworks";
			outputPaths = (
				"${TARGET_BUILD_DIR}/${FRAMEWORKS_FOLDER_PATH}/GTMSessionFetcher.framework",
				"${TARGET_BUILD_DIR}/${FRAMEWORKS_FOLDER_PATH}/GoogleToolboxForMac.framework",
				"${TARGET_BUILD_DIR}/${FRAMEWORKS_FOLDER_PATH}/nanopb.framework",
			);
			runOnlyForDeploymentPostprocessing = 0;
			shellPath = /bin/sh;
			shellScript = "\"${SRCROOT}/Pods/Target Support Files/Pods-Jeni/Pods-Jeni-frameworks.sh\"\n";
			showEnvVarsInLog = 0;
		};
		BA94B87AFED319BFB8C3C980 /* [CP] Check Pods Manifest.lock */ = {
			isa = PBXShellScriptBuildPhase;
			buildActionMask = 2147483647;
			files = (
			);
			inputPaths = (
				"${PODS_PODFILE_DIR_PATH}/Podfile.lock",
				"${PODS_ROOT}/Manifest.lock",
			);
			name = "[CP] Check Pods Manifest.lock";
			outputPaths = (
				"$(DERIVED_FILE_DIR)/Pods-Jeni-checkManifestLockResult.txt",
			);
			runOnlyForDeploymentPostprocessing = 0;
			shellPath = /bin/sh;
			shellScript = "diff \"${PODS_PODFILE_DIR_PATH}/Podfile.lock\" \"${PODS_ROOT}/Manifest.lock\" > /dev/null\nif [ $? != 0 ] ; then\n    # print error to STDERR\n    echo \"error: The sandbox is not in sync with the Podfile.lock. Run 'pod install' or update your CocoaPods installation.\" >&2\n    exit 1\nfi\n# This output is used by Xcode 'outputs' to avoid re-running this script phase.\necho \"SUCCESS\" > \"${SCRIPT_OUTPUT_FILE_0}\"\n";
			showEnvVarsInLog = 0;
		};
/* End PBXShellScriptBuildPhase section */

/* Begin PBXSourcesBuildPhase section */
		52DB7498227A3E0E00CCA655 /* Sources */ = {
			isa = PBXSourcesBuildPhase;
			buildActionMask = 2147483647;
			files = (
				52DB74C0227A6B8F00CCA655 /* JeniButton.swift in Sources */,
				52DB74BC227A4CC900CCA655 /* Coordinator.swift in Sources */,
				52B42610228275D800218D18 /* JeniMedicineViewButton.swift in Sources */,
				52DB74BA227A4CAE00CCA655 /* AppCoordinator.swift in Sources */,
				52F02F21227DDE0F00BDEE80 /* LoginCoordinator.swift in Sources */,
				52F02F16227DD78500BDEE80 /* LoginViewModel.swift in Sources */,
				52F02F1E227DDDE000BDEE80 /* HomeViewController.swift in Sources */,
				52F02F23227DDF2300BDEE80 /* BaseCoordinator.swift in Sources */,
				525791BA227E6A8000107AE6 /* HomeCoordinator.swift in Sources */,
				525791BD227E6AC400107AE6 /* HomeViewModel.swift in Sources */,
				52B4260D2282650300218D18 /* MedicineCollectionViewCell.swift in Sources */,
				52ED0D422283974500D7316A /* ReminderViewController.swift in Sources */,
				525791BF227E87EA00107AE6 /* LoginViewController+UITextFieldDelegate.swift in Sources */,
				52F02F19227DD7B500BDEE80 /* BaseViewController.swift in Sources */,
				52DB74B6227A408100CCA655 /* LoginViewController.swift in Sources */,
				52DB74A0227A3E0E00CCA655 /* AppDelegate.swift in Sources */,
				52E0395322909979005BF73F /* TimeReminderTableViewCell.swift in Sources */,
				52E0395B2290B1AF005BF73F /* MedicineModel.swift in Sources */,
				52E0395722909F12005BF73F /* PillCollectionViewCell.swift in Sources */,
				52B228F1227BCB53006EC2B5 /* UIColor+Utils.swift in Sources */,
			);
			runOnlyForDeploymentPostprocessing = 0;
		};
/* End PBXSourcesBuildPhase section */

/* Begin PBXVariantGroup section */
		52DB74A8227A3E0F00CCA655 /* LaunchScreen.storyboard */ = {
			isa = PBXVariantGroup;
			children = (
				52DB74A9227A3E0F00CCA655 /* Base */,
			);
			name = LaunchScreen.storyboard;
			sourceTree = "<group>";
		};
/* End PBXVariantGroup section */

/* Begin XCBuildConfiguration section */
		52DB74AC227A3E0F00CCA655 /* Debug */ = {
			isa = XCBuildConfiguration;
			buildSettings = {
				ALWAYS_SEARCH_USER_PATHS = NO;
				CLANG_ANALYZER_NONNULL = YES;
				CLANG_ANALYZER_NUMBER_OBJECT_CONVERSION = YES_AGGRESSIVE;
				CLANG_CXX_LANGUAGE_STANDARD = "gnu++14";
				CLANG_CXX_LIBRARY = "libc++";
				CLANG_ENABLE_MODULES = YES;
				CLANG_ENABLE_OBJC_ARC = YES;
				CLANG_ENABLE_OBJC_WEAK = YES;
				CLANG_WARN_BLOCK_CAPTURE_AUTORELEASING = YES;
				CLANG_WARN_BOOL_CONVERSION = YES;
				CLANG_WARN_COMMA = YES;
				CLANG_WARN_CONSTANT_CONVERSION = YES;
				CLANG_WARN_DEPRECATED_OBJC_IMPLEMENTATIONS = YES;
				CLANG_WARN_DIRECT_OBJC_ISA_USAGE = YES_ERROR;
				CLANG_WARN_DOCUMENTATION_COMMENTS = YES;
				CLANG_WARN_EMPTY_BODY = YES;
				CLANG_WARN_ENUM_CONVERSION = YES;
				CLANG_WARN_INFINITE_RECURSION = YES;
				CLANG_WARN_INT_CONVERSION = YES;
				CLANG_WARN_NON_LITERAL_NULL_CONVERSION = YES;
				CLANG_WARN_OBJC_IMPLICIT_RETAIN_SELF = YES;
				CLANG_WARN_OBJC_LITERAL_CONVERSION = YES;
				CLANG_WARN_OBJC_ROOT_CLASS = YES_ERROR;
				CLANG_WARN_RANGE_LOOP_ANALYSIS = YES;
				CLANG_WARN_STRICT_PROTOTYPES = YES;
				CLANG_WARN_SUSPICIOUS_MOVE = YES;
				CLANG_WARN_UNGUARDED_AVAILABILITY = YES_AGGRESSIVE;
				CLANG_WARN_UNREACHABLE_CODE = YES;
				CLANG_WARN__DUPLICATE_METHOD_MATCH = YES;
				CODE_SIGN_IDENTITY = "iPhone Developer";
				COPY_PHASE_STRIP = NO;
				DEBUG_INFORMATION_FORMAT = dwarf;
				ENABLE_STRICT_OBJC_MSGSEND = YES;
				ENABLE_TESTABILITY = YES;
				GCC_C_LANGUAGE_STANDARD = gnu11;
				GCC_DYNAMIC_NO_PIC = NO;
				GCC_NO_COMMON_BLOCKS = YES;
				GCC_OPTIMIZATION_LEVEL = 0;
				GCC_PREPROCESSOR_DEFINITIONS = (
					"DEBUG=1",
					"$(inherited)",
				);
				GCC_WARN_64_TO_32_BIT_CONVERSION = YES;
				GCC_WARN_ABOUT_RETURN_TYPE = YES_ERROR;
				GCC_WARN_UNDECLARED_SELECTOR = YES;
				GCC_WARN_UNINITIALIZED_AUTOS = YES_AGGRESSIVE;
				GCC_WARN_UNUSED_FUNCTION = YES;
				GCC_WARN_UNUSED_VARIABLE = YES;
				IPHONEOS_DEPLOYMENT_TARGET = 12.0;
				MTL_ENABLE_DEBUG_INFO = INCLUDE_SOURCE;
				MTL_FAST_MATH = YES;
				ONLY_ACTIVE_ARCH = YES;
				SDKROOT = iphoneos;
				SWIFT_ACTIVE_COMPILATION_CONDITIONS = DEBUG;
				SWIFT_OPTIMIZATION_LEVEL = "-Onone";
			};
			name = Debug;
		};
		52DB74AD227A3E0F00CCA655 /* Release */ = {
			isa = XCBuildConfiguration;
			buildSettings = {
				ALWAYS_SEARCH_USER_PATHS = NO;
				CLANG_ANALYZER_NONNULL = YES;
				CLANG_ANALYZER_NUMBER_OBJECT_CONVERSION = YES_AGGRESSIVE;
				CLANG_CXX_LANGUAGE_STANDARD = "gnu++14";
				CLANG_CXX_LIBRARY = "libc++";
				CLANG_ENABLE_MODULES = YES;
				CLANG_ENABLE_OBJC_ARC = YES;
				CLANG_ENABLE_OBJC_WEAK = YES;
				CLANG_WARN_BLOCK_CAPTURE_AUTORELEASING = YES;
				CLANG_WARN_BOOL_CONVERSION = YES;
				CLANG_WARN_COMMA = YES;
				CLANG_WARN_CONSTANT_CONVERSION = YES;
				CLANG_WARN_DEPRECATED_OBJC_IMPLEMENTATIONS = YES;
				CLANG_WARN_DIRECT_OBJC_ISA_USAGE = YES_ERROR;
				CLANG_WARN_DOCUMENTATION_COMMENTS = YES;
				CLANG_WARN_EMPTY_BODY = YES;
				CLANG_WARN_ENUM_CONVERSION = YES;
				CLANG_WARN_INFINITE_RECURSION = YES;
				CLANG_WARN_INT_CONVERSION = YES;
				CLANG_WARN_NON_LITERAL_NULL_CONVERSION = YES;
				CLANG_WARN_OBJC_IMPLICIT_RETAIN_SELF = YES;
				CLANG_WARN_OBJC_LITERAL_CONVERSION = YES;
				CLANG_WARN_OBJC_ROOT_CLASS = YES_ERROR;
				CLANG_WARN_RANGE_LOOP_ANALYSIS = YES;
				CLANG_WARN_STRICT_PROTOTYPES = YES;
				CLANG_WARN_SUSPICIOUS_MOVE = YES;
				CLANG_WARN_UNGUARDED_AVAILABILITY = YES_AGGRESSIVE;
				CLANG_WARN_UNREACHABLE_CODE = YES;
				CLANG_WARN__DUPLICATE_METHOD_MATCH = YES;
				CODE_SIGN_IDENTITY = "iPhone Developer";
				COPY_PHASE_STRIP = NO;
				DEBUG_INFORMATION_FORMAT = "dwarf-with-dsym";
				ENABLE_NS_ASSERTIONS = NO;
				ENABLE_STRICT_OBJC_MSGSEND = YES;
				GCC_C_LANGUAGE_STANDARD = gnu11;
				GCC_NO_COMMON_BLOCKS = YES;
				GCC_WARN_64_TO_32_BIT_CONVERSION = YES;
				GCC_WARN_ABOUT_RETURN_TYPE = YES_ERROR;
				GCC_WARN_UNDECLARED_SELECTOR = YES;
				GCC_WARN_UNINITIALIZED_AUTOS = YES_AGGRESSIVE;
				GCC_WARN_UNUSED_FUNCTION = YES;
				GCC_WARN_UNUSED_VARIABLE = YES;
				IPHONEOS_DEPLOYMENT_TARGET = 12.0;
				MTL_ENABLE_DEBUG_INFO = NO;
				MTL_FAST_MATH = YES;
				SDKROOT = iphoneos;
				SWIFT_COMPILATION_MODE = wholemodule;
				SWIFT_OPTIMIZATION_LEVEL = "-O";
				VALIDATE_PRODUCT = YES;
			};
			name = Release;
		};
		52DB74AF227A3E0F00CCA655 /* Debug */ = {
			isa = XCBuildConfiguration;
			baseConfigurationReference = 76ECD705B06D54BE51790E47 /* Pods-Jeni.debug.xcconfig */;
			buildSettings = {
				ASSETCATALOG_COMPILER_APPICON_NAME = AppIcon;
				ASSETCATALOG_COMPILER_LAUNCHIMAGE_NAME = LaunchImage;
				CODE_SIGN_STYLE = Automatic;
				DEVELOPMENT_TEAM = X9469P8892;
				INFOPLIST_FILE = Jeni/Info.plist;
				IPHONEOS_DEPLOYMENT_TARGET = 10.0;
				LD_RUNPATH_SEARCH_PATHS = (
					"$(inherited)",
					"@executable_path/Frameworks",
				);
				PRODUCT_BUNDLE_IDENTIFIER = br.com.oliveira.Jeni;
				PRODUCT_NAME = "$(TARGET_NAME)";
				SWIFT_VERSION = 4.2;
				TARGETED_DEVICE_FAMILY = 1;
			};
			name = Debug;
		};
		52DB74B0227A3E0F00CCA655 /* Release */ = {
			isa = XCBuildConfiguration;
			baseConfigurationReference = B1075ACCD9897A9CDE67D9BA /* Pods-Jeni.release.xcconfig */;
			buildSettings = {
				ASSETCATALOG_COMPILER_APPICON_NAME = AppIcon;
				ASSETCATALOG_COMPILER_LAUNCHIMAGE_NAME = LaunchImage;
				CODE_SIGN_STYLE = Automatic;
				DEVELOPMENT_TEAM = X9469P8892;
				INFOPLIST_FILE = Jeni/Info.plist;
				IPHONEOS_DEPLOYMENT_TARGET = 10.0;
				LD_RUNPATH_SEARCH_PATHS = (
					"$(inherited)",
					"@executable_path/Frameworks",
				);
				PRODUCT_BUNDLE_IDENTIFIER = br.com.oliveira.Jeni;
				PRODUCT_NAME = "$(TARGET_NAME)";
				SWIFT_VERSION = 4.2;
				TARGETED_DEVICE_FAMILY = 1;
			};
			name = Release;
		};
/* End XCBuildConfiguration section */

/* Begin XCConfigurationList section */
		52DB7497227A3E0E00CCA655 /* Build configuration list for PBXProject "Jeni" */ = {
			isa = XCConfigurationList;
			buildConfigurations = (
				52DB74AC227A3E0F00CCA655 /* Debug */,
				52DB74AD227A3E0F00CCA655 /* Release */,
			);
			defaultConfigurationIsVisible = 0;
			defaultConfigurationName = Release;
		};
		52DB74AE227A3E0F00CCA655 /* Build configuration list for PBXNativeTarget "Jeni" */ = {
			isa = XCConfigurationList;
			buildConfigurations = (
				52DB74AF227A3E0F00CCA655 /* Debug */,
				52DB74B0227A3E0F00CCA655 /* Release */,
			);
			defaultConfigurationIsVisible = 0;
			defaultConfigurationName = Release;
		};
/* End XCConfigurationList section */
	};
	rootObject = 52DB7494227A3E0E00CCA655 /* Project object */;
}
